
Microsoft Visual Studio Solution File, Format Version 12.00
# Visual Studio Version 17
VisualStudioVersion = 17.2.32630.192
MinimumVisualStudioVersion = 10.0.40219.1
Project("{FAE04EC0-301F-11D3-BF4B-00C04F79EFBC}") = "IAContentAnalyzer", "IAContentAnalyzer\IAContentAnalyzer.csproj", "{648360F6-BDF1-40A0-8B5F-2FC1E3ACED84}"
EndProject
Global
	GlobalSection(SolutionConfigurationPlatforms) = preSolution
		Debug|Any CPU = Debug|Any CPU
		Release|Any CPU = Release|Any CPU
	EndGlobalSection
	GlobalSection(ProjectConfigurationPlatforms) = postSolution
		{648360F6-BDF1-40A0-8B5F-2FC1E3ACED84}.Debug|Any CPU.ActiveCfg = Debug|Any CPU
		{648360F6-BDF1-40A0-8B5F-2FC1E3ACED84}.Debug|Any CPU.Build.0 = Debug|Any CPU
		{648360F6-BDF1-40A0-8B5F-2FC1E3ACED84}.Release|Any CPU.ActiveCfg = Release|Any CPU
		{648360F6-BDF1-40A0-8B5F-2FC1E3ACED84}.Release|Any CPU.Build.0 = Release|Any CPU
	EndGlobalSection
	GlobalSection(SolutionProperties) = preSolution
		HideSolutionNode = FALSE
	EndGlobalSection
	GlobalSection(ExtensibilityGlobals) = postSolution
		SolutionGuid = {630B21EE-A5AF-49E1-95D8-FECC538FA9CD}
	EndGlobalSection
EndGlobal
